
Microsoft Visual Studio Solution File, Format Version 12.00
# Visual Studio Version 16
VisualStudioVersion = 16.0.30907.101
MinimumVisualStudioVersion = 10.0.40219.1
Project("{FAE04EC0-301F-11D3-BF4B-00C04F79EFBC}") = "Azure_GitHub_Pipeline", "Azure_GitHub_Pipeline\Azure_GitHub_Pipeline.csproj", "{AA9676A6-AE13-4DF9-AF01-3B7F5D2CF554}"
EndProject
Global
	GlobalSection(SolutionConfigurationPlatforms) = preSolution
		Debug|Any CPU = Debug|Any CPU
		Release|Any CPU = Release|Any CPU
	EndGlobalSection
	GlobalSection(ProjectConfigurationPlatforms) = postSolution
		{AA9676A6-AE13-4DF9-AF01-3B7F5D2CF554}.Debug|Any CPU.ActiveCfg = Debug|Any CPU
		{AA9676A6-AE13-4DF9-AF01-3B7F5D2CF554}.Debug|Any CPU.Build.0 = Debug|Any CPU
		{AA9676A6-AE13-4DF9-AF01-3B7F5D2CF554}.Release|Any CPU.ActiveCfg = Release|Any CPU
		{AA9676A6-AE13-4DF9-AF01-3B7F5D2CF554}.Release|Any CPU.Build.0 = Release|Any CPU
	EndGlobalSection
	GlobalSection(SolutionProperties) = preSolution
		HideSolutionNode = FALSE
	EndGlobalSection
	GlobalSection(ExtensibilityGlobals) = postSolution
		SolutionGuid = {B45B89AE-8EDE-4012-B04C-60B46ADCDCBF}
	EndGlobalSection
EndGlobal
